PODS:
  - AppAuth (1.4.0):
    - AppAuth/Core (= 1.4.0)
    - AppAuth/ExternalUserAgent (= 1.4.0)
  - AppAuth/Core (1.4.0)
  - AppAuth/ExternalUserAgent (1.4.0)
  - boost-for-react-native (1.63.0)
  - DoubleConversion (1.1.6)
  - EXAppleAuthentication (3.0.0):
    - UMCore
  - EXAV (9.0.0):
    - UMCore
    - UMFileSystemInterface
    - UMPermissionsInterface
  - EXCamera (10.0.0):
    - UMBarCodeScannerInterface
    - UMCameraInterface
    - UMCore
    - UMFaceDetectorInterface
    - UMFileSystemInterface
    - UMImageLoaderInterface
    - UMPermissionsInterface
  - EXConstants (10.0.0):
    - UMConstantsInterface
    - UMCore
  - EXFileSystem (9.3.0):
    - UMCore
    - UMFileSystemInterface
  - EXHaptics (9.0.0):
    - UMCore
  - EXImageLoader (1.3.0):
    - React-Core
    - UMCore
    - UMImageLoaderInterface
  - EXImageManipulator (9.0.0):
    - UMCore
    - UMFileSystemInterface
    - UMImageLoaderInterface
  - EXImagePicker (10.0.0):
    - UMCore
    - UMFileSystemInterface
    - UMPermissionsInterface
  - EXLinearGradient (9.0.0):
    - UMCore
  - EXLocalization (10.0.0):
    - UMCore
  - EXMediaLibrary (11.0.0):
    - React-Core
    - UMCore
    - UMFileSystemInterface
    - UMPermissionsInterface
  - EXPermissions (11.0.0):
    - UMCore
    - UMPermissionsInterface
  - EXStoreReview (3.0.0):
    - UMCore
  - FBLazyVector (0.64.0-rc.3)
  - FBReactNativeSpec (0.64.0-rc.3):
    - RCT-Folly (= 2020.01.13.00)
    - RCTRequired (= 0.64.0-rc.3)
    - RCTTypeSafety (= 0.64.0-rc.3)
    - React-Core (= 0.64.0-rc.3)
    - React-jsi (= 0.64.0-rc.3)
    - ReactCommon/turbomodule/core (= 0.64.0-rc.3)
  - FBSDKCoreKit (8.2.0):
    - FBSDKCoreKit/Basics (= 8.2.0)
    - FBSDKCoreKit/Core (= 8.2.0)
  - FBSDKCoreKit/Basics (8.2.0)
  - FBSDKCoreKit/Core (8.2.0):
    - FBSDKCoreKit/Basics
  - FBSDKLoginKit (8.2.0):
    - FBSDKLoginKit/Login (= 8.2.0)
  - FBSDKLoginKit/Login (8.2.0):
    - FBSDKCoreKit (~> 8.2.0)
  - FBSDKShareKit (8.2.0):
    - FBSDKShareKit/Share (= 8.2.0)
  - FBSDKShareKit/Share (8.2.0):
    - FBSDKCoreKit (~> 8.2.0)
  - Firebase/Analytics (7.5.0):
    - Firebase/Core
  - Firebase/Core (7.5.0):
    - Firebase/CoreOnly
    - FirebaseAnalytics (= 7.5.0)
  - Firebase/CoreOnly (7.5.0):
    - FirebaseCore (= 7.5.0)
  - Firebase/Messaging (7.5.0):
    - Firebase/CoreOnly
    - FirebaseMessaging (~> 7.5.0)
  - FirebaseAnalytics (7.5.0):
    - FirebaseCore (~> 7.0)
    - FirebaseInstallations (~> 7.0)
    - GoogleAppMeasurement (= 7.5.0)
    - GoogleUtilities/AppDelegateSwizzler (~> 7.0)
    - GoogleUtilities/MethodSwizzler (~> 7.0)
    - GoogleUtilities/Network (~> 7.0)
    - "GoogleUtilities/NSData+zlib (~> 7.0)"
    - nanopb (~> 2.30907.0)
  - FirebaseCore (7.5.0):
    - FirebaseCoreDiagnostics (~> 7.4)
    - GoogleUtilities/Environment (~> 7.0)
    - GoogleUtilities/Logger (~> 7.0)
  - FirebaseCoreDiagnostics (7.5.0):
    - GoogleDataTransport (~> 8.0)
    - GoogleUtilities/Environment (~> 7.0)
    - GoogleUtilities/Logger (~> 7.0)
    - nanopb (~> 2.30907.0)
  - FirebaseInstallations (7.5.0):
    - FirebaseCore (~> 7.0)
    - GoogleUtilities/Environment (~> 7.0)
    - GoogleUtilities/UserDefaults (~> 7.0)
    - PromisesObjC (~> 1.2)
  - FirebaseInstanceID (7.5.0):
    - FirebaseCore (~> 7.0)
    - FirebaseInstallations (~> 7.0)
    - GoogleUtilities/Environment (~> 7.0)
    - GoogleUtilities/UserDefaults (~> 7.0)
  - FirebaseMessaging (7.5.0):
    - FirebaseCore (~> 7.0)
    - FirebaseInstanceID (~> 7.0)
    - GoogleUtilities/AppDelegateSwizzler (~> 7.0)
    - GoogleUtilities/Environment (~> 7.0)
    - GoogleUtilities/Reachability (~> 7.0)
    - GoogleUtilities/UserDefaults (~> 7.0)
  - glog (0.3.5)
  - GoogleAppMeasurement (7.5.0):
    - GoogleUtilities/AppDelegateSwizzler (~> 7.0)
    - GoogleUtilities/MethodSwizzler (~> 7.0)
    - GoogleUtilities/Network (~> 7.0)
    - "GoogleUtilities/NSData+zlib (~> 7.0)"
    - nanopb (~> 2.30907.0)
  - GoogleDataTransport (8.2.0):
    - nanopb (~> 2.30907.0)
  - GoogleSignIn (5.0.2):
    - AppAuth (~> 1.2)
    - GTMAppAuth (~> 1.0)
    - GTMSessionFetcher/Core (~> 1.1)
  - GoogleUtilities/AppDelegateSwizzler (7.2.2):
    - GoogleUtilities/Environment
    - GoogleUtilities/Logger
    - GoogleUtilities/Network
  - GoogleUtilities/Environment (7.2.2):
    - PromisesObjC (~> 1.2)
  - GoogleUtilities/Logger (7.2.2):
    - GoogleUtilities/Environment
  - GoogleUtilities/MethodSwizzler (7.2.2):
    - GoogleUtilities/Logger
  - GoogleUtilities/Network (7.2.2):
    - GoogleUtilities/Logger
    - "GoogleUtilities/NSData+zlib"
    - GoogleUtilities/Reachability
  - "GoogleUtilities/NSData+zlib (7.2.2)"
  - GoogleUtilities/Reachability (7.2.2):
    - GoogleUtilities/Logger
  - GoogleUtilities/UserDefaults (7.2.2):
    - GoogleUtilities/Logger
  - GTMAppAuth (1.1.0):
    - AppAuth/Core (~> 1.4)
    - GTMSessionFetcher (~> 1.4)
  - GTMSessionFetcher (1.5.0):
    - GTMSessionFetcher/Full (= 1.5.0)
  - GTMSessionFetcher/Core (1.5.0)
  - GTMSessionFetcher/Full (1.5.0):
    - GTMSessionFetcher/Core (= 1.5.0)
  - hermes-engine (0.7.2)
  - libevent (2.1.11)
  - libwebp (1.1.0):
    - libwebp/demux (= 1.1.0)
    - libwebp/mux (= 1.1.0)
    - libwebp/webp (= 1.1.0)
  - libwebp/demux (1.1.0):
    - libwebp/webp
  - libwebp/mux (1.1.0):
    - libwebp/demux
  - libwebp/webp (1.1.0)
  - nanopb (2.30907.0):
    - nanopb/decode (= 2.30907.0)
    - nanopb/encode (= 2.30907.0)
  - nanopb/decode (2.30907.0)
  - nanopb/encode (2.30907.0)
  - Permission-Camera (3.0.0):
    - RNPermissions
  - Permission-Microphone (3.0.0):
    - RNPermissions
  - Permission-PhotoLibrary (3.0.0):
    - RNPermissions
  - PromisesObjC (1.2.12)
  - RCT-Folly (2020.01.13.00):
    - boost-for-react-native
    - DoubleConversion
    - glog
    - RCT-Folly/Default (= 2020.01.13.00)
  - RCT-Folly/Default (2020.01.13.00):
    - boost-for-react-native
    - DoubleConversion
    - glog
  - RCT-Folly/Futures (2020.01.13.00):
    - boost-for-react-native
    - DoubleConversion
    - glog
    - libevent
  - RCTRequired (0.64.0-rc.3)
  - RCTTypeSafety (0.64.0-rc.3):
    - FBLazyVector (= 0.64.0-rc.3)
    - RCT-Folly (= 2020.01.13.00)
    - RCTRequired (= 0.64.0-rc.3)
    - React-Core (= 0.64.0-rc.3)
  - React (0.64.0-rc.3):
    - React-Core (= 0.64.0-rc.3)
    - React-Core/DevSupport (= 0.64.0-rc.3)
    - React-Core/RCTWebSocket (= 0.64.0-rc.3)
    - React-RCTActionSheet (= 0.64.0-rc.3)
    - React-RCTAnimation (= 0.64.0-rc.3)
    - React-RCTBlob (= 0.64.0-rc.3)
    - React-RCTImage (= 0.64.0-rc.3)
    - React-RCTLinking (= 0.64.0-rc.3)
    - React-RCTNetwork (= 0.64.0-rc.3)
    - React-RCTSettings (= 0.64.0-rc.3)
    - React-RCTText (= 0.64.0-rc.3)
    - React-RCTVibration (= 0.64.0-rc.3)
  - React-callinvoker (0.64.0-rc.3)
  - React-Core (0.64.0-rc.3):
    - glog
    - RCT-Folly (= 2020.01.13.00)
    - React-Core/Default (= 0.64.0-rc.3)
    - React-cxxreact (= 0.64.0-rc.3)
    - React-jsi (= 0.64.0-rc.3)
    - React-jsiexecutor (= 0.64.0-rc.3)
    - React-perflogger (= 0.64.0-rc.3)
    - Yoga
  - React-Core/CoreModulesHeaders (0.64.0-rc.3):
    - glog
    - RCT-Folly (= 2020.01.13.00)
    - React-Core/Default
    - React-cxxreact (= 0.64.0-rc.3)
    - React-jsi (= 0.64.0-rc.3)
    - React-jsiexecutor (= 0.64.0-rc.3)
    - React-perflogger (= 0.64.0-rc.3)
    - Yoga
  - React-Core/Default (0.64.0-rc.3):
    - glog
    - RCT-Folly (= 2020.01.13.00)
    - React-cxxreact (= 0.64.0-rc.3)
    - React-jsi (= 0.64.0-rc.3)
    - React-jsiexecutor (= 0.64.0-rc.3)
    - React-perflogger (= 0.64.0-rc.3)
    - Yoga
  - React-Core/DevSupport (0.64.0-rc.3):
    - glog
    - RCT-Folly (= 2020.01.13.00)
    - React-Core/Default (= 0.64.0-rc.3)
    - React-Core/RCTWebSocket (= 0.64.0-rc.3)
    - React-cxxreact (= 0.64.0-rc.3)
    - React-jsi (= 0.64.0-rc.3)
    - React-jsiexecutor (= 0.64.0-rc.3)
    - React-jsinspector (= 0.64.0-rc.3)
    - React-perflogger (= 0.64.0-rc.3)
    - Yoga
  - React-Core/Hermes (0.64.0-rc.3):
    - glog
    - hermes-engine
    - RCT-Folly (= 2020.01.13.00)
    - RCT-Folly/Futures
    - React-cxxreact (= 0.64.0-rc.3)
    - React-jsi (= 0.64.0-rc.3)
    - React-jsiexecutor (= 0.64.0-rc.3)
    - React-perflogger (= 0.64.0-rc.3)
    - Yoga
  - React-Core/RCTActionSheetHeaders (0.64.0-rc.3):
    - glog
    - RCT-Folly (= 2020.01.13.00)
    - React-Core/Default
    - React-cxxreact (= 0.64.0-rc.3)
    - React-jsi (= 0.64.0-rc.3)
    - React-jsiexecutor (= 0.64.0-rc.3)
    - React-perflogger (= 0.64.0-rc.3)
    - Yoga
  - React-Core/RCTAnimationHeaders (0.64.0-rc.3):
    - glog
    - RCT-Folly (= 2020.01.13.00)
    - React-Core/Default
    - React-cxxreact (= 0.64.0-rc.3)
    - React-jsi (= 0.64.0-rc.3)
    - React-jsiexecutor (= 0.64.0-rc.3)
    - React-perflogger (= 0.64.0-rc.3)
    - Yoga
  - React-Core/RCTBlobHeaders (0.64.0-rc.3):
    - glog
    - RCT-Folly (= 2020.01.13.00)
    - React-Core/Default
    - React-cxxreact (= 0.64.0-rc.3)
    - React-jsi (= 0.64.0-rc.3)
    - React-jsiexecutor (= 0.64.0-rc.3)
    - React-perflogger (= 0.64.0-rc.3)
    - Yoga
  - React-Core/RCTImageHeaders (0.64.0-rc.3):
    - glog
    - RCT-Folly (= 2020.01.13.00)
    - React-Core/Default
    - React-cxxreact (= 0.64.0-rc.3)
    - React-jsi (= 0.64.0-rc.3)
    - React-jsiexecutor (= 0.64.0-rc.3)
    - React-perflogger (= 0.64.0-rc.3)
    - Yoga
  - React-Core/RCTLinkingHeaders (0.64.0-rc.3):
    - glog
    - RCT-Folly (= 2020.01.13.00)
    - React-Core/Default
    - React-cxxreact (= 0.64.0-rc.3)
    - React-jsi (= 0.64.0-rc.3)
    - React-jsiexecutor (= 0.64.0-rc.3)
    - React-perflogger (= 0.64.0-rc.3)
    - Yoga
  - React-Core/RCTNetworkHeaders (0.64.0-rc.3):
    - glog
    - RCT-Folly (= 2020.01.13.00)
    - React-Core/Default
    - React-cxxreact (= 0.64.0-rc.3)
    - React-jsi (= 0.64.0-rc.3)
    - React-jsiexecutor (= 0.64.0-rc.3)
    - React-perflogger (= 0.64.0-rc.3)
    - Yoga
  - React-Core/RCTSettingsHeaders (0.64.0-rc.3):
    - glog
    - RCT-Folly (= 2020.01.13.00)
    - React-Core/Default
    - React-cxxreact (= 0.64.0-rc.3)
    - React-jsi (= 0.64.0-rc.3)
    - React-jsiexecutor (= 0.64.0-rc.3)
    - React-perflogger (= 0.64.0-rc.3)
    - Yoga
  - React-Core/RCTTextHeaders (0.64.0-rc.3):
    - glog
    - RCT-Folly (= 2020.01.13.00)
    - React-Core/Default
    - React-cxxreact (= 0.64.0-rc.3)
    - React-jsi (= 0.64.0-rc.3)
    - React-jsiexecutor (= 0.64.0-rc.3)
    - React-perflogger (= 0.64.0-rc.3)
    - Yoga
  - React-Core/RCTVibrationHeaders (0.64.0-rc.3):
    - glog
    - RCT-Folly (= 2020.01.13.00)
    - React-Core/Default
    - React-cxxreact (= 0.64.0-rc.3)
    - React-jsi (= 0.64.0-rc.3)
    - React-jsiexecutor (= 0.64.0-rc.3)
    - React-perflogger (= 0.64.0-rc.3)
    - Yoga
  - React-Core/RCTWebSocket (0.64.0-rc.3):
    - glog
    - RCT-Folly (= 2020.01.13.00)
    - React-Core/Default (= 0.64.0-rc.3)
    - React-cxxreact (= 0.64.0-rc.3)
    - React-jsi (= 0.64.0-rc.3)
    - React-jsiexecutor (= 0.64.0-rc.3)
    - React-perflogger (= 0.64.0-rc.3)
    - Yoga
  - React-CoreModules (0.64.0-rc.3):
    - FBReactNativeSpec (= 0.64.0-rc.3)
    - RCT-Folly (= 2020.01.13.00)
    - RCTTypeSafety (= 0.64.0-rc.3)
    - React-Core/CoreModulesHeaders (= 0.64.0-rc.3)
    - React-jsi (= 0.64.0-rc.3)
    - React-RCTImage (= 0.64.0-rc.3)
    - ReactCommon/turbomodule/core (= 0.64.0-rc.3)
  - React-cxxreact (0.64.0-rc.3):
    - boost-for-react-native (= 1.63.0)
    - DoubleConversion
    - glog
    - RCT-Folly (= 2020.01.13.00)
    - React-callinvoker (= 0.64.0-rc.3)
    - React-jsi (= 0.64.0-rc.3)
    - React-jsinspector (= 0.64.0-rc.3)
    - React-perflogger (= 0.64.0-rc.3)
    - React-runtimeexecutor (= 0.64.0-rc.3)
  - React-jsi (0.64.0-rc.3):
    - boost-for-react-native (= 1.63.0)
    - DoubleConversion
    - glog
    - RCT-Folly (= 2020.01.13.00)
    - React-jsi/Default (= 0.64.0-rc.3)
  - React-jsi/Default (0.64.0-rc.3):
    - boost-for-react-native (= 1.63.0)
    - DoubleConversion
    - glog
    - RCT-Folly (= 2020.01.13.00)
  - React-jsiexecutor (0.64.0-rc.3):
    - DoubleConversion
    - glog
    - RCT-Folly (= 2020.01.13.00)
    - React-cxxreact (= 0.64.0-rc.3)
    - React-jsi (= 0.64.0-rc.3)
    - React-perflogger (= 0.64.0-rc.3)
  - React-jsinspector (0.64.0-rc.3)
  - react-native-config (1.4.2):
    - react-native-config/App (= 1.4.2)
  - react-native-config/App (1.4.2):
    - React-Core
  - react-native-fbsdk (3.0.0):
    - React
    - react-native-fbsdk/Core (= 3.0.0)
    - react-native-fbsdk/Login (= 3.0.0)
    - react-native-fbsdk/Share (= 3.0.0)
  - react-native-fbsdk/Core (3.0.0):
    - FBSDKCoreKit (~> 8.1)
    - React
  - react-native-fbsdk/Login (3.0.0):
    - FBSDKLoginKit (~> 8.1)
    - React
  - react-native-fbsdk/Share (3.0.0):
    - FBSDKShareKit (~> 8.1)
    - React
  - react-native-netinfo (5.9.10):
    - React-Core
  - react-native-pinchable (0.1.2):
    - React
  - react-native-splash-screen (3.2.0):
    - React
  - react-native-webview (11.2.1):
    - React-Core
  - React-perflogger (0.64.0-rc.3)
  - React-RCTActionSheet (0.64.0-rc.3):
    - React-Core/RCTActionSheetHeaders (= 0.64.0-rc.3)
  - React-RCTAnimation (0.64.0-rc.3):
    - FBReactNativeSpec (= 0.64.0-rc.3)
    - RCT-Folly (= 2020.01.13.00)
    - RCTTypeSafety (= 0.64.0-rc.3)
    - React-Core/RCTAnimationHeaders (= 0.64.0-rc.3)
    - React-jsi (= 0.64.0-rc.3)
    - ReactCommon/turbomodule/core (= 0.64.0-rc.3)
  - React-RCTBlob (0.64.0-rc.3):
    - FBReactNativeSpec (= 0.64.0-rc.3)
    - RCT-Folly (= 2020.01.13.00)
    - React-Core/RCTBlobHeaders (= 0.64.0-rc.3)
    - React-Core/RCTWebSocket (= 0.64.0-rc.3)
    - React-jsi (= 0.64.0-rc.3)
    - React-RCTNetwork (= 0.64.0-rc.3)
    - ReactCommon/turbomodule/core (= 0.64.0-rc.3)
  - React-RCTImage (0.64.0-rc.3):
    - FBReactNativeSpec (= 0.64.0-rc.3)
    - RCT-Folly (= 2020.01.13.00)
    - RCTTypeSafety (= 0.64.0-rc.3)
    - React-Core/RCTImageHeaders (= 0.64.0-rc.3)
    - React-jsi (= 0.64.0-rc.3)
    - React-RCTNetwork (= 0.64.0-rc.3)
    - ReactCommon/turbomodule/core (= 0.64.0-rc.3)
  - React-RCTLinking (0.64.0-rc.3):
    - FBReactNativeSpec (= 0.64.0-rc.3)
    - React-Core/RCTLinkingHeaders (= 0.64.0-rc.3)
    - React-jsi (= 0.64.0-rc.3)
    - ReactCommon/turbomodule/core (= 0.64.0-rc.3)
  - React-RCTNetwork (0.64.0-rc.3):
    - FBReactNativeSpec (= 0.64.0-rc.3)
    - RCT-Folly (= 2020.01.13.00)
    - RCTTypeSafety (= 0.64.0-rc.3)
    - React-Core/RCTNetworkHeaders (= 0.64.0-rc.3)
    - React-jsi (= 0.64.0-rc.3)
    - ReactCommon/turbomodule/core (= 0.64.0-rc.3)
  - React-RCTSettings (0.64.0-rc.3):
    - FBReactNativeSpec (= 0.64.0-rc.3)
    - RCT-Folly (= 2020.01.13.00)
    - RCTTypeSafety (= 0.64.0-rc.3)
    - React-Core/RCTSettingsHeaders (= 0.64.0-rc.3)
    - React-jsi (= 0.64.0-rc.3)
    - ReactCommon/turbomodule/core (= 0.64.0-rc.3)
  - React-RCTText (0.64.0-rc.3):
    - React-Core/RCTTextHeaders (= 0.64.0-rc.3)
  - React-RCTVibration (0.64.0-rc.3):
    - FBReactNativeSpec (= 0.64.0-rc.3)
    - RCT-Folly (= 2020.01.13.00)
    - React-Core/RCTVibrationHeaders (= 0.64.0-rc.3)
    - React-jsi (= 0.64.0-rc.3)
    - ReactCommon/turbomodule/core (= 0.64.0-rc.3)
  - React-runtimeexecutor (0.64.0-rc.3):
    - React-jsi (= 0.64.0-rc.3)
  - ReactCommon/turbomodule/core (0.64.0-rc.3):
    - DoubleConversion
    - glog
    - RCT-Folly (= 2020.01.13.00)
    - React-callinvoker (= 0.64.0-rc.3)
    - React-Core (= 0.64.0-rc.3)
    - React-cxxreact (= 0.64.0-rc.3)
    - React-jsi (= 0.64.0-rc.3)
    - React-perflogger (= 0.64.0-rc.3)
  - ReactNativeNavigation (7.8.4):
    - React-Core
    - React-RCTImage
    - React-RCTText
    - ReactNativeNavigation/Core (= 7.8.4)
  - ReactNativeNavigation/Core (7.8.4):
    - React-Core
    - React-RCTImage
    - React-RCTText
  - RNCAsyncStorage (1.12.1):
    - React-Core
  - RNCClipboard (1.5.1):
    - React-Core
  - RNDeviceInfo (8.0.1):
    - React-Core
  - RNFastImage (8.3.4):
    - React-Core
    - SDWebImage (~> 5.8)
    - SDWebImageWebPCoder (~> 0.6.1)
  - RNFBAnalytics (10.6.4):
    - Firebase/Analytics (~> 7.5.0)
    - React-Core
    - RNFBApp
  - RNFBApp (10.6.4):
    - Firebase/CoreOnly (~> 7.5.0)
    - React-Core
  - RNFBMessaging (10.6.4):
    - Firebase/Messaging (~> 7.5.0)
    - React-Core
    - RNFBApp
  - RNFS (2.16.6):
    - React
  - RNGestureHandler (1.9.0):
    - React-Core
  - RNGoogleSignin (5.0.0):
    - GoogleSignIn (~> 5.0.0)
    - React-Core
  - RNPermissions (3.0.0):
    - React-Core
  - RNReanimated (1.4.0):
    - React
  - RNSentry (2.2.0):
    - React-Core
    - Sentry (= 6.1.4)
  - RNShare (5.1.0):
    - React-Core
  - SDWebImage (5.10.4):
    - SDWebImage/Core (= 5.10.4)
  - SDWebImage/Core (5.10.4)
  - SDWebImageWebPCoder (0.6.1):
    - libwebp (~> 1.0)
    - SDWebImage/Core (~> 5.7)
  - Sentry (6.1.4):
    - Sentry/Core (= 6.1.4)
  - Sentry/Core (6.1.4)
  - UMAppLoader (1.4.0)
  - UMBarCodeScannerInterface (5.4.0)
  - UMCameraInterface (5.4.0)
  - UMConstantsInterface (5.4.0)
  - UMCore (6.0.0)
  - UMFaceDetectorInterface (5.4.0)
  - UMFileSystemInterface (5.4.0)
  - UMFontInterface (5.4.0)
  - UMImageLoaderInterface (5.4.0)
  - UMPermissionsInterface (5.4.0):
    - UMCore
  - UMReactNativeAdapter (5.7.0):
    - React-Core
    - UMCore
    - UMFontInterface
  - Yoga (1.14.0)

DEPENDENCIES:
  - DoubleConversion (from `../../../node_modules/react-native/third-party-podspecs/DoubleConversion.podspec`)
  - EXAppleAuthentication (from `../../../node_modules/expo-apple-authentication/ios`)
  - EXAV (from `../../../node_modules/expo-av/ios`)
  - EXCamera (from `../../../node_modules/expo-camera/ios`)
  - EXConstants (from `../../../node_modules/expo-constants/ios`)
  - EXFileSystem (from `../../../node_modules/expo-file-system/ios`)
  - EXHaptics (from `../../../node_modules/expo-haptics/ios`)
  - EXImageLoader (from `../../../node_modules/expo-image-loader/ios`)
  - EXImageManipulator (from `../../../node_modules/expo-image-manipulator/ios`)
  - EXImagePicker (from `../../../node_modules/expo-image-picker/ios`)
  - EXLinearGradient (from `../../../node_modules/expo-linear-gradient/ios`)
  - EXLocalization (from `../../../node_modules/expo-localization/ios`)
  - EXMediaLibrary (from `../../../node_modules/expo-media-library/ios`)
  - EXPermissions (from `../../../node_modules/expo-image-picker/node_modules/expo-permissions/ios`)
  - EXStoreReview (from `../../../node_modules/expo-store-review/ios`)
  - FBLazyVector (from `../../../node_modules/react-native/Libraries/FBLazyVector`)
  - FBReactNativeSpec (from `../../../node_modules/react-native/React/FBReactNativeSpec`)
  - FBSDKCoreKit
  - FBSDKLoginKit
  - FBSDKShareKit
  - glog (from `../../../node_modules/react-native/third-party-podspecs/glog.podspec`)
  - GoogleSignIn
  - hermes-engine (~> 0.7.2)
  - libevent (from `../../../node_modules/react-native/third-party-podspecs/libevent.podspec`)
  - Permission-Camera (from `../../../node_modules/react-native-permissions/ios/Camera/Permission-Camera.podspec`)
  - Permission-Microphone (from `../../../node_modules/react-native-permissions/ios/Microphone/Permission-Microphone.podspec`)
  - Permission-PhotoLibrary (from `../../../node_modules/react-native-permissions/ios/PhotoLibrary/Permission-PhotoLibrary.podspec`)
  - RCT-Folly (from `../../../node_modules/react-native/third-party-podspecs/RCT-Folly.podspec`)
  - RCTRequired (from `../../../node_modules/react-native/Libraries/RCTRequired`)
  - RCTTypeSafety (from `../../../node_modules/react-native/Libraries/TypeSafety`)
  - React (from `../../../node_modules/react-native/`)
  - React-callinvoker (from `../../../node_modules/react-native/ReactCommon/callinvoker`)
  - React-Core (from `../../../node_modules/react-native/`)
  - React-Core/DevSupport (from `../../../node_modules/react-native/`)
  - React-Core/Hermes (from `../../../node_modules/react-native/`)
  - React-Core/RCTWebSocket (from `../../../node_modules/react-native/`)
  - React-CoreModules (from `../../../node_modules/react-native/React/CoreModules`)
  - React-cxxreact (from `../../../node_modules/react-native/ReactCommon/cxxreact`)
  - React-jsi (from `../../../node_modules/react-native/ReactCommon/jsi`)
  - React-jsiexecutor (from `../../../node_modules/react-native/ReactCommon/jsiexecutor`)
  - React-jsinspector (from `../../../node_modules/react-native/ReactCommon/jsinspector`)
  - react-native-config (from `../../../node_modules/react-native-config`)
  - react-native-fbsdk (from `../../../node_modules/react-native-fbsdk`)
  - "react-native-netinfo (from `../../../node_modules/@react-native-community/netinfo`)"
  - react-native-pinchable (from `../../../node_modules/react-native-pinchable`)
  - react-native-splash-screen (from `../../../node_modules/react-native-splash-screen`)
  - react-native-webview (from `../../../node_modules/react-native-webview`)
  - React-perflogger (from `../../../node_modules/react-native/ReactCommon/reactperflogger`)
  - React-RCTActionSheet (from `../../../node_modules/react-native/Libraries/ActionSheetIOS`)
  - React-RCTAnimation (from `../../../node_modules/react-native/Libraries/NativeAnimation`)
  - React-RCTBlob (from `../../../node_modules/react-native/Libraries/Blob`)
  - React-RCTImage (from `../../../node_modules/react-native/Libraries/Image`)
  - React-RCTLinking (from `../../../node_modules/react-native/Libraries/LinkingIOS`)
  - React-RCTNetwork (from `../../../node_modules/react-native/Libraries/Network`)
  - React-RCTSettings (from `../../../node_modules/react-native/Libraries/Settings`)
  - React-RCTText (from `../../../node_modules/react-native/Libraries/Text`)
  - React-RCTVibration (from `../../../node_modules/react-native/Libraries/Vibration`)
  - React-runtimeexecutor (from `../../../node_modules/react-native/ReactCommon/runtimeexecutor`)
  - ReactCommon/turbomodule/core (from `../../../node_modules/react-native/ReactCommon`)
  - ReactNativeNavigation (from `../../../node_modules/react-native-navigation`)
  - "RNCAsyncStorage (from `../../../node_modules/@react-native-community/async-storage`)"
  - "RNCClipboard (from `../../../node_modules/@react-native-community/clipboard`)"
  - RNDeviceInfo (from `../../../node_modules/react-native-device-info`)
  - RNFastImage (from `../../../node_modules/react-native-fast-image`)
  - "RNFBAnalytics (from `../../../node_modules/@react-native-firebase/analytics`)"
  - "RNFBApp (from `../../../node_modules/@react-native-firebase/app`)"
  - "RNFBMessaging (from `../../../node_modules/@react-native-firebase/messaging`)"
  - RNFS (from `../../../node_modules/react-native-fs`)
  - RNGestureHandler (from `../../../node_modules/react-native-gesture-handler`)
  - "RNGoogleSignin (from `../../../node_modules/@react-native-community/google-signin`)"
  - RNPermissions (from `../../../node_modules/react-native-permissions`)
  - RNReanimated (from `../../../node_modules/react-native-reanimated`)
  - "RNSentry (from `../../../node_modules/@sentry/react-native`)"
  - RNShare (from `../../../node_modules/react-native-share`)
  - SDWebImageWebPCoder
  - Sentry
  - UMAppLoader (from `../../../node_modules/unimodules-app-loader/ios`)
  - UMBarCodeScannerInterface (from `../../../node_modules/unimodules-barcode-scanner-interface/ios`)
  - UMCameraInterface (from `../../../node_modules/unimodules-camera-interface/ios`)
  - UMConstantsInterface (from `../../../node_modules/unimodules-constants-interface/ios`)
  - "UMCore (from `../../../node_modules/@unimodules/core/ios`)"
  - UMFaceDetectorInterface (from `../../../node_modules/unimodules-face-detector-interface/ios`)
  - UMFileSystemInterface (from `../../../node_modules/unimodules-file-system-interface/ios`)
  - UMFontInterface (from `../../../node_modules/unimodules-font-interface/ios`)
  - UMImageLoaderInterface (from `../../../node_modules/unimodules-image-loader-interface/ios`)
  - UMPermissionsInterface (from `../../../node_modules/unimodules-permissions-interface/ios`)
  - "UMReactNativeAdapter (from `../../../node_modules/@unimodules/react-native-adapter/ios`)"
  - Yoga (from `../../../node_modules/react-native/ReactCommon/yoga`)

SPEC REPOS:
  trunk:
    - AppAuth
    - boost-for-react-native
    - FBSDKCoreKit
    - FBSDKLoginKit
    - FBSDKShareKit
    - Firebase
    - FirebaseAnalytics
    - FirebaseCore
    - FirebaseCoreDiagnostics
    - FirebaseInstallations
    - FirebaseInstanceID
    - FirebaseMessaging
    - GoogleAppMeasurement
    - GoogleDataTransport
    - GoogleSignIn
    - GoogleUtilities
    - GTMAppAuth
    - GTMSessionFetcher
    - hermes-engine
    - libwebp
    - nanopb
    - PromisesObjC
    - SDWebImage
    - SDWebImageWebPCoder
    - Sentry

EXTERNAL SOURCES:
  DoubleConversion:
    :podspec: "../../../node_modules/react-native/third-party-podspecs/DoubleConversion.podspec"
  EXAppleAuthentication:
    :path: "../../../node_modules/expo-apple-authentication/ios"
  EXAV:
    :path: "../../../node_modules/expo-av/ios"
  EXCamera:
    :path: "../../../node_modules/expo-camera/ios"
  EXConstants:
    :path: "../../../node_modules/expo-constants/ios"
  EXFileSystem:
    :path: "../../../node_modules/expo-file-system/ios"
  EXHaptics:
    :path: "../../../node_modules/expo-haptics/ios"
  EXImageLoader:
    :path: "../../../node_modules/expo-image-loader/ios"
  EXImageManipulator:
    :path: "../../../node_modules/expo-image-manipulator/ios"
  EXImagePicker:
    :path: "../../../node_modules/expo-image-picker/ios"
  EXLinearGradient:
    :path: "../../../node_modules/expo-linear-gradient/ios"
  EXLocalization:
    :path: "../../../node_modules/expo-localization/ios"
  EXMediaLibrary:
    :path: "../../../node_modules/expo-media-library/ios"
  EXPermissions:
    :path: "../../../node_modules/expo-image-picker/node_modules/expo-permissions/ios"
  EXStoreReview:
    :path: "../../../node_modules/expo-store-review/ios"
  FBLazyVector:
    :path: "../../../node_modules/react-native/Libraries/FBLazyVector"
  FBReactNativeSpec:
    :path: "../../../node_modules/react-native/React/FBReactNativeSpec"
  glog:
    :podspec: "../../../node_modules/react-native/third-party-podspecs/glog.podspec"
  libevent:
    :podspec: "../../../node_modules/react-native/third-party-podspecs/libevent.podspec"
  Permission-Camera:
    :path: "../../../node_modules/react-native-permissions/ios/Camera/Permission-Camera.podspec"
  Permission-Microphone:
    :path: "../../../node_modules/react-native-permissions/ios/Microphone/Permission-Microphone.podspec"
  Permission-PhotoLibrary:
    :path: "../../../node_modules/react-native-permissions/ios/PhotoLibrary/Permission-PhotoLibrary.podspec"
  RCT-Folly:
    :podspec: "../../../node_modules/react-native/third-party-podspecs/RCT-Folly.podspec"
  RCTRequired:
    :path: "../../../node_modules/react-native/Libraries/RCTRequired"
  RCTTypeSafety:
    :path: "../../../node_modules/react-native/Libraries/TypeSafety"
  React:
    :path: "../../../node_modules/react-native/"
  React-callinvoker:
    :path: "../../../node_modules/react-native/ReactCommon/callinvoker"
  React-Core:
    :path: "../../../node_modules/react-native/"
  React-CoreModules:
    :path: "../../../node_modules/react-native/React/CoreModules"
  React-cxxreact:
    :path: "../../../node_modules/react-native/ReactCommon/cxxreact"
  React-jsi:
    :path: "../../../node_modules/react-native/ReactCommon/jsi"
  React-jsiexecutor:
    :path: "../../../node_modules/react-native/ReactCommon/jsiexecutor"
  React-jsinspector:
    :path: "../../../node_modules/react-native/ReactCommon/jsinspector"
  react-native-config:
    :path: "../../../node_modules/react-native-config"
  react-native-fbsdk:
    :path: "../../../node_modules/react-native-fbsdk"
  react-native-netinfo:
    :path: "../../../node_modules/@react-native-community/netinfo"
  react-native-pinchable:
    :path: "../../../node_modules/react-native-pinchable"
  react-native-splash-screen:
    :path: "../../../node_modules/react-native-splash-screen"
  react-native-webview:
    :path: "../../../node_modules/react-native-webview"
  React-perflogger:
    :path: "../../../node_modules/react-native/ReactCommon/reactperflogger"
  React-RCTActionSheet:
    :path: "../../../node_modules/react-native/Libraries/ActionSheetIOS"
  React-RCTAnimation:
    :path: "../../../node_modules/react-native/Libraries/NativeAnimation"
  React-RCTBlob:
    :path: "../../../node_modules/react-native/Libraries/Blob"
  React-RCTImage:
    :path: "../../../node_modules/react-native/Libraries/Image"
  React-RCTLinking:
    :path: "../../../node_modules/react-native/Libraries/LinkingIOS"
  React-RCTNetwork:
    :path: "../../../node_modules/react-native/Libraries/Network"
  React-RCTSettings:
    :path: "../../../node_modules/react-native/Libraries/Settings"
  React-RCTText:
    :path: "../../../node_modules/react-native/Libraries/Text"
  React-RCTVibration:
    :path: "../../../node_modules/react-native/Libraries/Vibration"
  React-runtimeexecutor:
    :path: "../../../node_modules/react-native/ReactCommon/runtimeexecutor"
  ReactCommon:
    :path: "../../../node_modules/react-native/ReactCommon"
  ReactNativeNavigation:
    :path: "../../../node_modules/react-native-navigation"
  RNCAsyncStorage:
    :path: "../../../node_modules/@react-native-community/async-storage"
  RNCClipboard:
    :path: "../../../node_modules/@react-native-community/clipboard"
  RNDeviceInfo:
    :path: "../../../node_modules/react-native-device-info"
  RNFastImage:
    :path: "../../../node_modules/react-native-fast-image"
  RNFBAnalytics:
    :path: "../../../node_modules/@react-native-firebase/analytics"
  RNFBApp:
    :path: "../../../node_modules/@react-native-firebase/app"
  RNFBMessaging:
    :path: "../../../node_modules/@react-native-firebase/messaging"
  RNFS:
    :path: "../../../node_modules/react-native-fs"
  RNGestureHandler:
    :path: "../../../node_modules/react-native-gesture-handler"
  RNGoogleSignin:
    :path: "../../../node_modules/@react-native-community/google-signin"
  RNPermissions:
    :path: "../../../node_modules/react-native-permissions"
  RNReanimated:
    :path: "../../../node_modules/react-native-reanimated"
  RNSentry:
    :path: "../../../node_modules/@sentry/react-native"
  RNShare:
    :path: "../../../node_modules/react-native-share"
  UMAppLoader:
    :path: "../../../node_modules/unimodules-app-loader/ios"
  UMBarCodeScannerInterface:
    :path: "../../../node_modules/unimodules-barcode-scanner-interface/ios"
  UMCameraInterface:
    :path: "../../../node_modules/unimodules-camera-interface/ios"
  UMConstantsInterface:
    :path: "../../../node_modules/unimodules-constants-interface/ios"
  UMCore:
    :path: "../../../node_modules/@unimodules/core/ios"
  UMFaceDetectorInterface:
    :path: "../../../node_modules/unimodules-face-detector-interface/ios"
  UMFileSystemInterface:
    :path: "../../../node_modules/unimodules-file-system-interface/ios"
  UMFontInterface:
    :path: "../../../node_modules/unimodules-font-interface/ios"
  UMImageLoaderInterface:
    :path: "../../../node_modules/unimodules-image-loader-interface/ios"
  UMPermissionsInterface:
    :path: "../../../node_modules/unimodules-permissions-interface/ios"
  UMReactNativeAdapter:
    :path: "../../../node_modules/@unimodules/react-native-adapter/ios"
  Yoga:
    :path: "../../../node_modules/react-native/ReactCommon/yoga"

SPEC CHECKSUMS:
  AppAuth: 31bcec809a638d7bd2f86ea8a52bd45f6e81e7c7
  boost-for-react-native: 39c7adb57c4e60d6c5479dd8623128eb5b3f0f2c
  DoubleConversion: cf9b38bf0b2d048436d9a82ad2abe1404f11e7de
  EXAppleAuthentication: f808549b4f641a2915b1c892b4b21b77f5998e8b
  EXAV: 398170ec4fb575be375f76b65a7218e097f89b30
  EXCamera: f2b0990f5316abb64b0688ffbbf7d88909084b10
  EXConstants: 07a3effb73d2f73b61079703f810bbdd5364a1c5
  EXFileSystem: 0e4974ab77bff04cda68d2886d070cbe64b93a6b
  EXHaptics: 685bcf63881af13bbd657ad148292db1f7370268
  EXImageLoader: f96ec9992733a4224418bbd9382e5485c8948944
  EXImageManipulator: f1c9cddaf6aa42dbfe9d2485d29eca374f45d454
  EXImagePicker: 50e8688af1278af72d3235753a825a49465b4a84
  EXLinearGradient: ffc008d7ddcce356534cfdf9bd7fbcdedec4c438
  EXLocalization: 0470b3cb25dac6cdbe6f12ca15408134dba03c91
  EXMediaLibrary: 72af456a52f7b4c98a10f6ed2c1adc32e1041ed9
  EXPermissions: 015f1129f80266f6c38e3691102546232b641614
  EXStoreReview: b552c0d512e1b5c2c7371041a033a2827dc01d46
  FBLazyVector: 9cafb8520d334de0720e1119b41db4cc16d3fbc9
  FBReactNativeSpec: 0f2151ee55f852a765081671a8f77f1c35018683
  FBSDKCoreKit: 4afd6ff53d8133a433dbcda44451c9498f8c6ce4
  FBSDKLoginKit: 7181765f2524d7ebf82d9629066c8e6caafc99d0
  FBSDKShareKit: 0c0d51b3af47075a85ed9bea0e28b2fc70e3594b
  Firebase: fd5e4d2b756292c6e7ee6faac1eb320225d6e97e
  FirebaseAnalytics: 00b7f74571d346ee1ffb9bf0a2e6f2ffff222bcc
  FirebaseCore: 06a2b68af8901f2244eb989419eb89edc3789b4d
  FirebaseCoreDiagnostics: 35685db68b11fe7d19d2d8b557fd7e3a56ac81cc
  FirebaseInstallations: a46ae59915f0931e18814164849cd0354bea24ed
  FirebaseInstanceID: 47fcb3b70d6349cfd471f430b01bbd01a7698e8f
  FirebaseMessaging: a2a23671eb281b1eed38b155af8549b335a4a38b
  glog: 73c2498ac6884b13ede40eda8228cb1eee9d9d62
  GoogleAppMeasurement: 65a1071e5f52f63ab03d0a4d814a54fd762d885a
  GoogleDataTransport: 1024b1a4dfbd7a0e92cb20d7e0a6f1fb66b449a4
  GoogleSignIn: 7137d297ddc022a7e0aa4619c86d72c909fa7213
  GoogleUtilities: 31c5b01f978a70c6cff2afc6272b3f1921614b43
  GTMAppAuth: 197a8dabfea5d665224aa00d17f164fc2248dab9
  GTMSessionFetcher: b3503b20a988c4e20cc189aa798fd18220133f52
  hermes-engine: 7d97ba46a1e29bacf3e3c61ecb2804a5ddd02d4f
  libevent: 867cc03e654415675bcacf9726871a37c4b56b8a
  libwebp: 946cb3063cea9236285f7e9a8505d806d30e07f3
  nanopb: 59221d7f958fb711001e6a449489542d92ae113e
  Permission-Camera: 119b01de97a5b3edb637999e38476b68143b9d17
  Permission-Microphone: e426a115ddf9591e8c30c55ea2b28572d4cbd07e
  Permission-PhotoLibrary: cb9cdc1e3744e26ab404297a8e289d50c8ee27e8
  PromisesObjC: 3113f7f76903778cf4a0586bd1ab89329a0b7b97
  RCT-Folly: ec7a233ccc97cc556cf7237f0db1ff65b986f27c
  RCTRequired: cff6c2b6d032642cc892d3516bca5da0dfe86f38
  RCTTypeSafety: 8a552c3ec91843c081e1893009babf821d4a11a0
  React: d0fd0278a44fd8a34484311ace0cc9586eb3e865
  React-callinvoker: 67dd7831bcc8ddafff2d6b88eb12f5ba94c7d7c6
  React-Core: b231d2f9daa75252bb86b2ef02da7e187945aea8
  React-CoreModules: 2a9ee3f12d31e21641e856ac570d10b7327fb846
  React-cxxreact: 6f558a4e6df29ead2afa148988424a9599f81e75
  React-jsi: 0c862d1821e1a6d671a85945b99bee28bc3f7020
  React-jsiexecutor: 3d27b79050df18a753001d77cbf07b960dc4a8d6
  React-jsinspector: 09567a7aa3dcb281caf25eeba87280b1ea3e09f4
  react-native-config: c98128a72bc2c3a1ca72caec0b021f0fa944aa29
  react-native-fbsdk: 8e92c7a334fd8d9c2b5d8b8fcd7ae2c314161099
  react-native-netinfo: 30fb89fa913c342be82a887b56e96be6d71201dd
  react-native-pinchable: 214f01b35e04ce95184d0cf997598bec8b617ce4
  react-native-splash-screen: 200d11d188e2e78cea3ad319964f6142b6384865
  react-native-webview: a4751ec8f0a6a397026f22ed54c1efeec4540555
  React-perflogger: d9815e398aa6e6016b8c0bef8b3033ab818f823d
  React-RCTActionSheet: 1ec7b3130b7878d5f818c105eeda38d25f1ebab1
  React-RCTAnimation: 26c31a4da3b7ac12c501fc82d43894f9beabe11a
  React-RCTBlob: 90d860aa93db36eb6e706386adab22a2c0fde6a0
  React-RCTImage: 61d1ebd83f38f7b9c9c644396bd8681e30b7f353
  React-RCTLinking: cc87d37c00ad04dfbf325e741c48ebcf7acbe91c
  React-RCTNetwork: 3577e84f676ffa4bfd16aa6513f2dc2f3027bd1a
  React-RCTSettings: 19f4f8d8c8013237cf5652d644fc770ba8148e07
  React-RCTText: f16eb124c5358d3179d9fb878be280b9c2b75be3
  React-RCTVibration: 7a89bda87032c5fc0899bb6940ec42ffcb156d7a
  React-runtimeexecutor: 973fcbe10f76f42e3a9a98b9358836971e9ac4aa
  ReactCommon: 33191ccc8250b4e206884a1e3b68b2011b6b7899
  ReactNativeNavigation: f32d9ba91d2a88e182b23ecabdee73d7a5ee74d1
  RNCAsyncStorage: b03032fdbdb725bea0bd9e5ec5a7272865ae7398
  RNCClipboard: 41d8d918092ae8e676f18adada19104fa3e68495
  RNDeviceInfo: 921a809eaf9de79645a24de1c6ca90db6cb91786
  RNFastImage: d4870d58f5936111c56218dbd7fcfc18e65b58ff
  RNFBAnalytics: 6df4ae899319e5769d53e72eb1c45065af130909
  RNFBApp: 6664dfccd0c93a194767e1c64af14a08074a087d
  RNFBMessaging: cc62fb3f75f771cf1b1a852a3e15df27343e3a94
  RNFS: 2bd9eb49dc82fa9676382f0585b992c424cd59df
  RNGestureHandler: 9b7e605a741412e20e13c512738a31bd1611759b
  RNGoogleSignin: ad866d4c4af2651e36801dd3b7771d7715353499
  RNPermissions: 99dd8d4a30ff13509b949ca63cd1f69edc461775
  RNReanimated: b2ab0b693dddd2339bd2f300e770f6302d2e960c
  RNSentry: 6aeba1adc242fd22a6826acae92f430697b47a9c
  RNShare: fed99fd743f80ca255903c1da46fc9a6430efab6
  SDWebImage: c666b97e1fa9c64b4909816a903322018f0a9c84
  SDWebImageWebPCoder: d0dac55073088d24b2ac1b191a71a8f8d0adac21
  Sentry: 9d055e2de30a77685e86b219acf02e59b82091fc
  UMAppLoader: 92d044af52626af3d81a69796ad666fc7a9a7d78
  UMBarCodeScannerInterface: 3f6c1b09ef4b867ce752b8c0b3893bcf9cd85f32
  UMCameraInterface: d516032121192fee9a6c93bdfff0bb2cc7282796
  UMConstantsInterface: 6825ea3832d26ed392ca6eff2df84edd69968fd0
  UMCore: 97ba5041c9c92317ce61739f6d126a692c8ef4a8
  UMFaceDetectorInterface: 60b36b07faa539205efce30b20c192e058b31c23
  UMFileSystemInterface: ab01294ce58a3c773aefb4a5b131ce589c199559
  UMFontInterface: 85fe1b845fb7caab45e04d9ce47e1677a5ce90a5
  UMImageLoaderInterface: 18f37df089b7e6d301e3acac025a8264d26b66d6
  UMPermissionsInterface: 807e5733b4c6607f35757b1dd128f370718d2f94
  UMReactNativeAdapter: 172def7895b2cb44a7dd021336e316d5fa8ea958
  Yoga: 31313df467e58b5b53f26a0319fa100159c79fa3

PODFILE CHECKSUM: dfa56610b194a2e2760cfd812b1f3f15ba2298f7

COCOAPODS: 1.10.1
